
Microsoft Visual Studio Solution File, Format Version 12.00
# Visual Studio 2012
Project("{FAE04EC0-301F-11D3-BF4B-00C04F79EFBC}") = "MemoryCalculator", "MemoryCalculator\MemoryCalculator.csproj", "{AE49E6D0-4A27-4ED6-BD42-559E4A40AA7A}"
EndProject
Global
	GlobalSection(SolutionConfigurationPlatforms) = preSolution
		Debug|Any CPU = Debug|Any CPU
		Release|Any CPU = Release|Any CPU
	EndGlobalSection
	GlobalSection(ProjectConfigurationPlatforms) = postSolution
		{AE49E6D0-4A27-4ED6-BD42-559E4A40AA7A}.Debug|Any CPU.ActiveCfg = Debug|Any CPU
		{AE49E6D0-4A27-4ED6-BD42-559E4A40AA7A}.Debug|Any CPU.Build.0 = Debug|Any CPU
		{AE49E6D0-4A27-4ED6-BD42-559E4A40AA7A}.Release|Any CPU.ActiveCfg = Release|Any CPU
		{AE49E6D0-4A27-4ED6-BD42-559E4A40AA7A}.Release|Any CPU.Build.0 = Release|Any CPU
	EndGlobalSection
	GlobalSection(SolutionProperties) = preSolution
		HideSolutionNode = FALSE
	EndGlobalSection
EndGlobal
